
Microsoft Visual Studio Solution File, Format Version 12.00
# Visual Studio Version 17
VisualStudioVersion = 17.4.33122.133
MinimumVisualStudioVersion = 10.0.40219.1
Project("{FAE04EC0-301F-11D3-BF4B-00C04F79EFBC}") = "Vector", "Vector\Vector.csproj", "{B469D70C-5D05-48E4-8982-9C0AE560FBC4}"
EndProject
Project("{FAE04EC0-301F-11D3-BF4B-00C04F79EFBC}") = "BoardingSchool", "BoardingSchool\BoardingSchool.csproj", "{7A034DC6-A55E-4B4F-B4C0-954762C056DA}"
EndProject
Global
	GlobalSection(SolutionConfigurationPlatforms) = preSolution
		Debug|Any CPU = Debug|Any CPU
		Release|Any CPU = Release|Any CPU
	EndGlobalSection
	GlobalSection(ProjectConfigurationPlatforms) = postSolution
		{B469D70C-5D05-48E4-8982-9C0AE560FBC4}.Debug|Any CPU.ActiveCfg = Debug|Any CPU
		{B469D70C-5D05-48E4-8982-9C0AE560FBC4}.Debug|Any CPU.Build.0 = Debug|Any CPU
		{B469D70C-5D05-48E4-8982-9C0AE560FBC4}.Release|Any CPU.ActiveCfg = Release|Any CPU
		{B469D70C-5D05-48E4-8982-9C0AE560FBC4}.Release|Any CPU.Build.0 = Release|Any CPU
		{7A034DC6-A55E-4B4F-B4C0-954762C056DA}.Debug|Any CPU.ActiveCfg = Debug|Any CPU
		{7A034DC6-A55E-4B4F-B4C0-954762C056DA}.Debug|Any CPU.Build.0 = Debug|Any CPU
		{7A034DC6-A55E-4B4F-B4C0-954762C056DA}.Release|Any CPU.ActiveCfg = Release|Any CPU
		{7A034DC6-A55E-4B4F-B4C0-954762C056DA}.Release|Any CPU.Build.0 = Release|Any CPU
	EndGlobalSection
	GlobalSection(SolutionProperties) = preSolution
		HideSolutionNode = FALSE
	EndGlobalSection
	GlobalSection(ExtensibilityGlobals) = postSolution
		SolutionGuid = {F5C5C079-1FE9-4C15-A8BE-2217A71E71A9}
	EndGlobalSection
EndGlobal
